Microsoft Visual Studio Solution File, Format Version 12.00
# Visual Studio Version 17
VisualStudioVersion = 17.5.2.0
MinimumVisualStudioVersion = 10.0.40219.1
Project("{FAE04EC0-301F-11D3-BF4B-00C04F79EFBC}") = "HospitalWebAPI", "HospitalWebAPI\HospitalWebAPI.csproj", "{D6CB6417-E5B4-513D-ACC4-B33294FD229D}"
EndProject
Global
	GlobalSection(SolutionConfigurationPlatforms) = preSolution
		Debug|Any CPU = Debug|Any CPU
		Release|Any CPU = Release|Any CPU
	EndGlobalSection
	GlobalSection(ProjectConfigurationPlatforms) = postSolution
		{D6CB6417-E5B4-513D-ACC4-B33294FD229D}.Debug|Any CPU.ActiveCfg = Debug|Any CPU
		{D6CB6417-E5B4-513D-ACC4-B33294FD229D}.Debug|Any CPU.Build.0 = Debug|Any CPU
		{D6CB6417-E5B4-513D-ACC4-B33294FD229D}.Release|Any CPU.ActiveCfg = Release|Any CPU
		{D6CB6417-E5B4-513D-ACC4-B33294FD229D}.Release|Any CPU.Build.0 = Release|Any CPU
	EndGlobalSection
	GlobalSection(SolutionProperties) = preSolution
		HideSolutionNode = FALSE
	EndGlobalSection
	GlobalSection(ExtensibilityGlobals) = postSolution
		SolutionGuid = {BCBF7945-A10D-4EAD-BC1D-17619BEAAA6B}
	EndGlobalSection
EndGlobal
